
Microsoft Visual Studio Solution File, Format Version 11.00
# Visual Studio 2010
Project("{F14B399A-7131-4C87-9E4B-1186C45EF12D}") = "RPNBA", "RPNBA\RPNBA.rptproj", "{8BE0C0DC-C397-431A-A099-DC64AE36A0AB}"
EndProject
Global
	GlobalSection(SolutionConfigurationPlatforms) = preSolution
		Debug|Default = Debug|Default
		DebugLocal|Default = DebugLocal|Default
		Release|Default = Release|Default
	EndGlobalSection
	GlobalSection(ProjectConfigurationPlatforms) = postSolution
		{8BE0C0DC-C397-431A-A099-DC64AE36A0AB}.Debug|Default.ActiveCfg = Debug
		{8BE0C0DC-C397-431A-A099-DC64AE36A0AB}.Debug|Default.Build.0 = DebugLocal
		{8BE0C0DC-C397-431A-A099-DC64AE36A0AB}.Debug|Default.Deploy.0 = DebugLocal
		{8BE0C0DC-C397-431A-A099-DC64AE36A0AB}.DebugLocal|Default.ActiveCfg = DebugLocal
		{8BE0C0DC-C397-431A-A099-DC64AE36A0AB}.DebugLocal|Default.Build.0 = DebugLocal
		{8BE0C0DC-C397-431A-A099-DC64AE36A0AB}.Release|Default.ActiveCfg = Release
		{8BE0C0DC-C397-431A-A099-DC64AE36A0AB}.Release|Default.Build.0 = Release
		{8BE0C0DC-C397-431A-A099-DC64AE36A0AB}.Release|Default.Deploy.0 = Release
	EndGlobalSection
	GlobalSection(SolutionProperties) = preSolution
		HideSolutionNode = FALSE
	EndGlobalSection
EndGlobal
