
Microsoft Visual Studio Solution File, Format Version 11.00
# Visual Studio 2010
Project("{159641D6-6404-4A2A-AE62-294DE0FE8301}") = "19437471_integration", "19437471_integration\19437471_integration.dtproj", "{34CF3976-8036-4A57-BCE5-1CAF135B57E7}"
EndProject
Global
	GlobalSection(SolutionConfigurationPlatforms) = preSolution
		Development|Default = Development|Default
	EndGlobalSection
	GlobalSection(ProjectConfigurationPlatforms) = postSolution
		{34CF3976-8036-4A57-BCE5-1CAF135B57E7}.Development|Default.ActiveCfg = Development
		{34CF3976-8036-4A57-BCE5-1CAF135B57E7}.Development|Default.Build.0 = Development
	EndGlobalSection
	GlobalSection(SolutionProperties) = preSolution
		HideSolutionNode = FALSE
	EndGlobalSection
EndGlobal
