
Microsoft Visual Studio Solution File, Format Version 11.00
# Visual Studio 2010
Project("{D2ABAB84-BF74-430A-B69E-9DC6D40DDA17}") = "NBA", "NBA\NBA.dwproj", "{4DBFE158-AE12-4612-98E2-2E38AEC70FBE}"
EndProject
Global
	GlobalSection(SolutionConfigurationPlatforms) = preSolution
		Development|Default = Development|Default
	EndGlobalSection
	GlobalSection(ProjectConfigurationPlatforms) = postSolution
		{4DBFE158-AE12-4612-98E2-2E38AEC70FBE}.Development|Default.ActiveCfg = Development
		{4DBFE158-AE12-4612-98E2-2E38AEC70FBE}.Development|Default.Build.0 = Development
		{4DBFE158-AE12-4612-98E2-2E38AEC70FBE}.Development|Default.Deploy.0 = Development
	EndGlobalSection
	GlobalSection(SolutionProperties) = preSolution
		HideSolutionNode = FALSE
	EndGlobalSection
EndGlobal
